// !$*UTF8*$!
{
	archiveVersion = 1;
	classes = {
	};
	objectVersion = 56;
	objects = {

/* Begin PBXBuildFile section */
		C652D1422A83E0B1005913A2 /* AppDelegate.swift in Sources */ = {isa = PBXBuildFile; fileRef = C652D1412A83E0B1005913A2 /* AppDelegate.swift */; };
		C652D1442A83E0B1005913A2 /* SceneDelegate.swift in Sources */ = {isa = PBXBuildFile; fileRef = C652D1432A83E0B1005913A2 /* SceneDelegate.swift */; };
		C652D1462A83E0B1005913A2 /* ViewController.swift in Sources */ = {isa = PBXBuildFile; fileRef = C652D1452A83E0B1005913A2 /* ViewController.swift */; };
		C652D1492A83E0B1005913A2 /* Main.storyboard in Resources */ = {isa = PBXBuildFile; fileRef = C652D1472A83E0B1005913A2 /* Main.storyboard */; };
		C652D14B2A83E0B3005913A2 /* Assets.xcassets in Resources */ = {isa = PBXBuildFile; fileRef = C652D14A2A83E0B3005913A2 /* Assets.xcassets */; };
		C652D14E2A83E0B3005913A2 /* LaunchScreen.storyboard in Resources */ = {isa = PBXBuildFile; fileRef = C652D14C2A83E0B3005913A2 /* LaunchScreen.storyboard */; };
		C652D1592A83E0B3005913A2 /* simpson_AppTests.swift in Sources */ = {isa = PBXBuildFile; fileRef = C652D1582A83E0B3005913A2 /* simpson_AppTests.swift */; };
		C652D1632A83E0B3005913A2 /* simpson_AppUITests.swift in Sources */ = {isa = PBXBuildFile; fileRef = C652D1622A83E0B3005913A2 /* simpson_AppUITests.swift */; };
		C652D1652A83E0B3005913A2 /* simpson_AppUITestsLaunchTests.swift in Sources */ = {isa = PBXBuildFile; fileRef = C652D1642A83E0B3005913A2 /* simpson_AppUITestsLaunchTests.swift */; };
/* End PBXBuildFile section */

/* Begin PBXContainerItemProxy section */
		C652D1552A83E0B3005913A2 /* PBXContainerItemProxy */ = {
			isa = PBXContainerItemProxy;
			containerPortal = C652D1362A83E0B1005913A2 /* Project object */;
			proxyType = 1;
			remoteGlobalIDString = C652D13D2A83E0B1005913A2;
			remoteInfo = "simpson App";
		};
		C652D15F2A83E0B3005913A2 /* PBXContainerItemProxy */ = {
			isa = PBXContainerItemProxy;
			containerPortal = C652D1362A83E0B1005913A2 /* Project object */;
			proxyType = 1;
			remoteGlobalIDString = C652D13D2A83E0B1005913A2;
			remoteInfo = "simpson App";
		};
/* End PBXContainerItemProxy section */

/* Begin PBXFileReference section */
		C652D13E2A83E0B1005913A2 /* simpson App.app */ = {isa = PBXFileReference; explicitFileType = wrapper.application; includeInIndex = 0; path = "simpson App.app"; sourceTree = BUILT_PRODUCTS_DIR; };
		C652D1412A83E0B1005913A2 /* AppDelegate.swift */ = {isa = PBXFileReference; lastKnownFileType = sourcecode.swift; path = AppDelegate.swift; sourceTree = "<group>"; };
		C652D1432A83E0B1005913A2 /* SceneDelegate.swift */ = {isa = PBXFileReference; lastKnownFileType = sourcecode.swift; path = SceneDelegate.swift; sourceTree = "<group>"; };
		C652D1452A83E0B1005913A2 /* ViewController.swift */ = {isa = PBXFileReference; lastKnownFileType = sourcecode.swift; path = ViewController.swift; sourceTree = "<group>"; };
		C652D1482A83E0B1005913A2 /* Base */ = {isa = PBXFileReference; lastKnownFileType = file.storyboard; name = Base; path = Base.lproj/Main.storyboard; sourceTree = "<group>"; };
		C652D14A2A83E0B3005913A2 /* Assets.xcassets */ = {isa = PBXFileReference; lastKnownFileType = folder.assetcatalog; path = Assets.xcassets; sourceTree = "<group>"; };
		C652D14D2A83E0B3005913A2 /* Base */ = {isa = PBXFileReference; lastKnownFileType = file.storyboard; name = Base; path = Base.lproj/LaunchScreen.storyboard; sourceTree = "<group>"; };
		C652D14F2A83E0B3005913A2 /* Info.plist */ = {isa = PBXFileReference; lastKnownFileType = text.plist.xml; path = Info.plist; sourceTree = "<group>"; };
		C652D1542A83E0B3005913A2 /* simpson AppTests.xctest */ = {isa = PBXFileReference; explicitFileType = wrapper.cfbundle; includeInIndex = 0; path = "simpson AppTests.xctest"; sourceTree = BUILT_PRODUCTS_DIR; };
		C652D1582A83E0B3005913A2 /* simpson_AppTests.swift */ = {isa = PBXFileReference; lastKnownFileType = sourcecode.swift; path = simpson_AppTests.swift; sourceTree = "<group>"; };
		C652D15E2A83E0B3005913A2 /* simpson AppUITests.xctest */ = {isa = PBXFileReference; explicitFileType = wrapper.cfbundle; includeInIndex = 0; path = "simpson AppUITests.xctest"; sourceTree = BUILT_PRODUCTS_DIR; };
		C652D1622A83E0B3005913A2 /* simpson_AppUITests.swift */ = {isa = PBXFileReference; lastKnownFileType = sourcecode.swift; path = simpson_AppUITests.swift; sourceTree = "<group>"; };
		C652D1642A83E0B3005913A2 /* simpson_AppUITestsLaunchTests.swift */ = {isa = PBXFileReference; lastKnownFileType = sourcecode.swift; path = simpson_AppUITestsLaunchTests.swift; sourceTree = "<group>"; };
/* End PBXFileReference section */

/* Begin PBXFrameworksBuildPhase section */
		C652D13B2A83E0B1005913A2 /* Frameworks */ = {
			isa = PBXFrameworksBuildPhase;
			buildActionMask = 2147483647;
			files = (
			);
			runOnlyForDeploymentPostprocessing = 0;
		};
		C652D1512A83E0B3005913A2 /* Frameworks */ = {
			isa = PBXFrameworksBuildPhase;
			buildActionMask = 2147483647;
			files = (
			);
			runOnlyForDeploymentPostprocessing = 0;
		};
		C652D15B2A83E0B3005913A2 /* Frameworks */ = {
			isa = PBXFrameworksBuildPhase;
			buildActionMask = 2147483647;
			files = (
			);
			runOnlyForDeploymentPostprocessing = 0;
		};
/* End PBXFrameworksBuildPhase section */

/* Begin PBXGroup section */
		C652D1352A83E0B1005913A2 = {
			isa = PBXGroup;
			children = (
				C652D1402A83E0B1005913A2 /* simpson App */,
				C652D1572A83E0B3005913A2 /* simpson AppTests */,
				C652D1612A83E0B3005913A2 /* simpson AppUITests */,
				C652D13F2A83E0B1005913A2 /* Products */,
			);
			sourceTree = "<group>";
		};
		C652D13F2A83E0B1005913A2 /* Products */ = {
			isa = PBXGroup;
			children = (
				C652D13E2A83E0B1005913A2 /* simpson App.app */,
				C652D1542A83E0B3005913A2 /* simpson AppTests.xctest */,
				C652D15E2A83E0B3005913A2 /* simpson AppUITests.xctest */,
			);
			name = Products;
			sourceTree = "<group>";
		};
		C652D1402A83E0B1005913A2 /* simpson App */ = {
			isa = PBXGroup;
			children = (
				C652D1412A83E0B1005913A2 /* AppDelegate.swift */,
				C652D1432A83E0B1005913A2 /* SceneDelegate.swift */,
				C652D1452A83E0B1005913A2 /* ViewController.swift */,
				C652D1472A83E0B1005913A2 /* Main.storyboard */,
				C652D14A2A83E0B3005913A2 /* Assets.xcassets */,
				C652D14C2A83E0B3005913A2 /* LaunchScreen.storyboard */,
				C652D14F2A83E0B3005913A2 /* Info.plist */,
			);
			path = "simpson App";
			sourceTree = "<group>";
		};
		C652D1572A83E0B3005913A2 /* simpson AppTests */ = {
			isa = PBXGroup;
			children = (
				C652D1582A83E0B3005913A2 /* simpson_AppTests.swift */,
			);
			path = "simpson AppTests";
			sourceTree = "<group>";
		};
		C652D1612A83E0B3005913A2 /* simpson AppUITests */ = {
			isa = PBXGroup;
			children = (
				C652D1622A83E0B3005913A2 /* simpson_AppUITests.swift */,
				C652D1642A83E0B3005913A2 /* simpson_AppUITestsLaunchTests.swift */,
			);
			path = "simpson AppUITests";
			sourceTree = "<group>";
		};
/* End PBXGroup section */

/* Begin PBXNativeTarget section */
		C652D13D2A83E0B1005913A2 /* simpson App */ = {
			isa = PBXNativeTarget;
			buildConfigurationList = C652D1682A83E0B3005913A2 /* Build configuration list for PBXNativeTarget "simpson App" */;
			buildPhases = (
				C652D13A2A83E0B1005913A2 /* Sources */,
				C652D13B2A83E0B1005913A2 /* Frameworks */,
				C652D13C2A83E0B1005913A2 /* Resources */,
			);
			buildRules = (
			);
			dependencies = (
			);
			name = "simpson App";
			productName = "simpson App";
			productReference = C652D13E2A83E0B1005913A2 /* simpson App.app */;
			productType = "com.apple.product-type.application";
		};
		C652D1532A83E0B3005913A2 /* simpson AppTests */ = {
			isa = PBXNativeTarget;
			buildConfigurationList = C652D16B2A83E0B3005913A2 /* Build configuration list for PBXNativeTarget "simpson AppTests" */;
			buildPhases = (
				C652D1502A83E0B3005913A2 /* Sources */,
				C652D1512A83E0B3005913A2 /* Frameworks */,
				C652D1522A83E0B3005913A2 /* Resources */,
			);
			buildRules = (
			);
			dependencies = (
				C652D1562A83E0B3005913A2 /* PBXTargetDependency */,
			);
			name = "simpson AppTests";
			productName = "simpson AppTests";
			productReference = C652D1542A83E0B3005913A2 /* simpson AppTests.xctest */;
			productType = "com.apple.product-type.bundle.unit-test";
		};
		C652D15D2A83E0B3005913A2 /* simpson AppUITests */ = {
			isa = PBXNativeTarget;
			buildConfigurationList = C652D16E2A83E0B3005913A2 /* Build configuration list for PBXNativeTarget "simpson AppUITests" */;
			buildPhases = (
				C652D15A2A83E0B3005913A2 /* Sources */,
				C652D15B2A83E0B3005913A2 /* Frameworks */,
				C652D15C2A83E0B3005913A2 /* Resources */,
			);
			buildRules = (
			);
			dependencies = (
				C652D1602A83E0B3005913A2 /* PBXTargetDependency */,
			);
			name = "simpson AppUITests";
			productName = "simpson AppUITests";
			productReference = C652D15E2A83E0B3005913A2 /* simpson AppUITests.xctest */;
			productType = "com.apple.product-type.bundle.ui-testing";
		};
/* End PBXNativeTarget section */

/* Begin PBXProject section */
		C652D1362A83E0B1005913A2 /* Project object */ = {
			isa = PBXProject;
			attributes = {
				BuildIndependentTargetsInParallel = 1;
				LastSwiftUpdateCheck = 1420;
				LastUpgradeCheck = 1420;
				TargetAttributes = {
					C652D13D2A83E0B1005913A2 = {
						CreatedOnToolsVersion = 14.2;
					};
					C652D1532A83E0B3005913A2 = {
						CreatedOnToolsVersion = 14.2;
						TestTargetID = C652D13D2A83E0B1005913A2;
					};
					C652D15D2A83E0B3005913A2 = {
						CreatedOnToolsVersion = 14.2;
						TestTargetID = C652D13D2A83E0B1005913A2;
					};
				};
			};
			buildConfigurationList = C652D1392A83E0B1005913A2 /* Build configuration list for PBXProject "simpson App" */;
			compatibilityVersion = "Xcode 14.0";
			developmentRegion = en;
			hasScannedForEncodings = 0;
			knownRegions = (
				en,
				Base,
			);
			mainGroup = C652D1352A83E0B1005913A2;
			productRefGroup = C652D13F2A83E0B1005913A2 /* Products */;
			projectDirPath = "";
			projectRoot = "";
			targets = (
				C652D13D2A83E0B1005913A2 /* simpson App */,
				C652D1532A83E0B3005913A2 /* simpson AppTests */,
				C652D15D2A83E0B3005913A2 /* simpson AppUITests */,
			);
		};
/* End PBXProject section */

/* Begin PBXResourcesBuildPhase section */
		C652D13C2A83E0B1005913A2 /* Resources */ = {
			isa = PBXResourcesBuildPhase;
			buildActionMask = 2147483647;
			files = (
				C652D14E2A83E0B3005913A2 /* LaunchScreen.storyboard in Resources */,
				C652D14B2A83E0B3005913A2 /* Assets.xcassets in Resources */,
				C652D1492A83E0B1005913A2 /* Main.storyboard in Resources */,
			);
			runOnlyForDeploymentPostprocessing = 0;
		};
		C652D1522A83E0B3005913A2 /* Resources */ = {
			isa = PBXResourcesBuildPhase;
			buildActionMask = 2147483647;
			files = (
			);
			runOnlyForDeploymentPostprocessing = 0;
		};
		C652D15C2A83E0B3005913A2 /* Resources */ = {
			isa = PBXResourcesBuildPhase;
			buildActionMask = 2147483647;
			files = (
			);
			runOnlyForDeploymentPostprocessing = 0;
		};
/* End PBXResourcesBuildPhase section */

/* Begin PBXSourcesBuildPhase section */
		C652D13A2A83E0B1005913A2 /* Sources */ = {
			isa = PBXSourcesBuildPhase;
			buildActionMask = 2147483647;
			files = (
				C652D1462A83E0B1005913A2 /* ViewController.swift in Sources */,
				C652D1422A83E0B1005913A2 /* AppDelegate.swift in Sources */,
				C652D1442A83E0B1005913A2 /* SceneDelegate.swift in Sources */,
			);
			runOnlyForDeploymentPostprocessing = 0;
		};
		C652D1502A83E0B3005913A2 /* Sources */ = {
			isa = PBXSourcesBuildPhase;
			buildActionMask = 2147483647;
			files = (
				C652D1592A83E0B3005913A2 /* simpson_AppTests.swift in Sources */,
			);
			runOnlyForDeploymentPostprocessing = 0;
		};
		C652D15A2A83E0B3005913A2 /* Sources */ = {
			isa = PBXSourcesBuildPhase;
			buildActionMask = 2147483647;
			files = (
				C652D1652A83E0B3005913A2 /* simpson_AppUITestsLaunchTests.swift in Sources */,
				C652D1632A83E0B3005913A2 /* simpson_AppUITests.swift in Sources */,
			);
			runOnlyForDeploymentPostprocessing = 0;
		};
/* End PBXSourcesBuildPhase section */

/* Begin PBXTargetDependency section */
		C652D1562A83E0B3005913A2 /* PBXTargetDependency */ = {
			isa = PBXTargetDependency;
			target = C652D13D2A83E0B1005913A2 /* simpson App */;
			targetProxy = C652D1552A83E0B3005913A2 /* PBXContainerItemProxy */;
		};
		C652D1602A83E0B3005913A2 /* PBXTargetDependency */ = {
			isa = PBXTargetDependency;
			target = C652D13D2A83E0B1005913A2 /* simpson App */;
			targetProxy = C652D15F2A83E0B3005913A2 /* PBXContainerItemProxy */;
		};
/* End PBXTargetDependency section */

/* Begin PBXVariantGroup section */
		C652D1472A83E0B1005913A2 /* Main.storyboard */ = {
			isa = PBXVariantGroup;
			children = (
				C652D1482A83E0B1005913A2 /* Base */,
			);
			name = Main.storyboard;
			sourceTree = "<group>";
		};
		C652D14C2A83E0B3005913A2 /* LaunchScreen.storyboard */ = {
			isa = PBXVariantGroup;
			children = (
				C652D14D2A83E0B3005913A2 /* Base */,
			);
			name = LaunchScreen.storyboard;
			sourceTree = "<group>";
		};
/* End PBXVariantGroup section */

/* Begin XCBuildConfiguration section */
		C652D1662A83E0B3005913A2 /* Debug */ = {
			isa = XCBuildConfiguration;
			buildSettings = {
				ALWAYS_SEARCH_USER_PATHS = NO;
				CLANG_ANALYZER_NONNULL = YES;
				CLANG_ANALYZER_NUMBER_OBJECT_CONVERSION = YES_AGGRESSIVE;
				CLANG_CXX_LANGUAGE_STANDARD = "gnu++20";
				CLANG_ENABLE_MODULES = YES;
				CLANG_ENABLE_OBJC_ARC = YES;
				CLANG_ENABLE_OBJC_WEAK = YES;
				CLANG_WARN_BLOCK_CAPTURE_AUTORELEASING = YES;
				CLANG_WARN_BOOL_CONVERSION = YES;
				CLANG_WARN_COMMA = YES;
				CLANG_WARN_CONSTANT_CONVERSION = YES;
				CLANG_WARN_DEPRECATED_OBJC_IMPLEMENTATIONS = YES;
				CLANG_WARN_DIRECT_OBJC_ISA_USAGE = YES_ERROR;
				CLANG_WARN_DOCUMENTATION_COMMENTS = YES;
				CLANG_WARN_EMPTY_BODY = YES;
				CLANG_WARN_ENUM_CONVERSION = YES;
				CLANG_WARN_INFINITE_RECURSION = YES;
				CLANG_WARN_INT_CONVERSION = YES;
				CLANG_WARN_NON_LITERAL_NULL_CONVERSION = YES;
				CLANG_WARN_OBJC_IMPLICIT_RETAIN_SELF = YES;
				CLANG_WARN_OBJC_LITERAL_CONVERSION = YES;
				CLANG_WARN_OBJC_ROOT_CLASS = YES_ERROR;
				CLANG_WARN_QUOTED_INCLUDE_IN_FRAMEWORK_HEADER = YES;
				CLANG_WARN_RANGE_LOOP_ANALYSIS = YES;
				CLANG_WARN_STRICT_PROTOTYPES = YES;
				CLANG_WARN_SUSPICIOUS_MOVE = YES;
				CLANG_WARN_UNGUARDED_AVAILABILITY = YES_AGGRESSIVE;
				CLANG_WARN_UNREACHABLE_CODE = YES;
				CLANG_WARN__DUPLICATE_METHOD_MATCH = YES;
				COPY_PHASE_STRIP = NO;
				DEBUG_INFORMATION_FORMAT = dwarf;
				ENABLE_STRICT_OBJC_MSGSEND = YES;
				ENABLE_TESTABILITY = YES;
				GCC_C_LANGUAGE_STANDARD = gnu11;
				GCC_DYNAMIC_NO_PIC = NO;
				GCC_NO_COMMON_BLOCKS = YES;
				GCC_OPTIMIZATION_LEVEL = 0;
				GCC_PREPROCESSOR_DEFINITIONS = (
					"DEBUG=1",
					"$(inherited)",
				);
				GCC_WARN_64_TO_32_BIT_CONVERSION = YES;
				GCC_WARN_ABOUT_RETURN_TYPE = YES_ERROR;
				GCC_WARN_UNDECLARED_SELECTOR = YES;
				GCC_WARN_UNINITIALIZED_AUTOS = YES_AGGRESSIVE;
				GCC_WARN_UNUSED_FUNCTION = YES;
				GCC_WARN_UNUSED_VARIABLE = YES;
				IPHONEOS_DEPLOYMENT_TARGET = 16.2;
				MTL_ENABLE_DEBUG_INFO = INCLUDE_SOURCE;
				MTL_FAST_MATH = YES;
				ONLY_ACTIVE_ARCH = YES;
				SDKROOT = iphoneos;
				SWIFT_ACTIVE_COMPILATION_CONDITIONS = DEBUG;
				SWIFT_OPTIMIZATION_LEVEL = "-Onone";
			};
			name = Debug;
		};
		C652D1672A83E0B3005913A2 /* Release */ = {
			isa = XCBuildConfiguration;
			buildSettings = {
				ALWAYS_SEARCH_USER_PATHS = NO;
				CLANG_ANALYZER_NONNULL = YES;
				CLANG_ANALYZER_NUMBER_OBJECT_CONVERSION = YES_AGGRESSIVE;
				CLANG_CXX_LANGUAGE_STANDARD = "gnu++20";
				CLANG_ENABLE_MODULES = YES;
				CLANG_ENABLE_OBJC_ARC = YES;
				CLANG_ENABLE_OBJC_WEAK = YES;
				CLANG_WARN_BLOCK_CAPTURE_AUTORELEASING = YES;
				CLANG_WARN_BOOL_CONVERSION = YES;
				CLANG_WARN_COMMA = YES;
				CLANG_WARN_CONSTANT_CONVERSION = YES;
				CLANG_WARN_DEPRECATED_OBJC_IMPLEMENTATIONS = YES;
				CLANG_WARN_DIRECT_OBJC_ISA_USAGE = YES_ERROR;
				CLANG_WARN_DOCUMENTATION_COMMENTS = YES;
				CLANG_WARN_EMPTY_BODY = YES;
				CLANG_WARN_ENUM_CONVERSION = YES;
				CLANG_WARN_INFINITE_RECURSION = YES;
				CLANG_WARN_INT_CONVERSION = YES;
				CLANG_WARN_NON_LITERAL_NULL_CONVERSION = YES;
				CLANG_WARN_OBJC_IMPLICIT_RETAIN_SELF = YES;
				CLANG_WARN_OBJC_LITERAL_CONVERSION = YES;
				CLANG_WARN_OBJC_ROOT_CLASS = YES_ERROR;
				CLANG_WARN_QUOTED_INCLUDE_IN_FRAMEWORK_HEADER = YES;
				CLANG_WARN_RANGE_LOOP_ANALYSIS = YES;
				CLANG_WARN_STRICT_PROTOTYPES = YES;
				CLANG_WARN_SUSPICIOUS_MOVE = YES;
				CLANG_WARN_UNGUARDED_AVAILABILITY = YES_AGGRESSIVE;
				CLANG_WARN_UNREACHABLE_CODE = YES;
				CLANG_WARN__DUPLICATE_METHOD_MATCH = YES;
				COPY_PHASE_STRIP = NO;
				DEBUG_INFORMATION_FORMAT = "dwarf-with-dsym";
				ENABLE_NS_ASSERTIONS = NO;
				ENABLE_STRICT_OBJC_MSGSEND = YES;
				GCC_C_LANGUAGE_STANDARD = gnu11;
				GCC_NO_COMMON_BLOCKS = YES;
				GCC_WARN_64_TO_32_BIT_CONVERSION = YES;
				GCC_WARN_ABOUT_RETURN_TYPE = YES_ERROR;
				GCC_WARN_UNDECLARED_SELECTOR = YES;
				GCC_WARN_UNINITIALIZED_AUTOS = YES_AGGRESSIVE;
				GCC_WARN_UNUSED_FUNCTION = YES;
				GCC_WARN_UNUSED_VARIABLE = YES;
				IPHONEOS_DEPLOYMENT_TARGET = 16.2;
				MTL_ENABLE_DEBUG_INFO = NO;
				MTL_FAST_MATH = YES;
				SDKROOT = iphoneos;
				SWIFT_COMPILATION_MODE = wholemodule;
				SWIFT_OPTIMIZATION_LEVEL = "-O";
				VALIDATE_PRODUCT = YES;
			};
			name = Release;
		};
		C652D1692A83E0B3005913A2 /* Debug */ = {
			isa = XCBuildConfiguration;
			buildSettings = {
				ASSETCATALOG_COMPILER_APPICON_NAME = AppIcon;
				ASSETCATALOG_COMPILER_GLOBAL_ACCENT_COLOR_NAME = AccentColor;
				CODE_SIGN_STYLE = Automatic;
				CURRENT_PROJECT_VERSION = 1;
				GENERATE_INFOPLIST_FILE = YES;
				INFOPLIST_FILE = "simpson App/Info.plist";
				INFOPLIST_KEY_UIApplicationSupportsIndirectInputEvents = YES;
				INFOPLIST_KEY_UILaunchStoryboardName = LaunchScreen;
				INFOPLIST_KEY_UIMainStoryboardFile = Main;
				INFOPLIST_KEY_UISupportedInterfaceOrientations_iPad = "UIInterfaceOrientationPortrait UIInterfaceOrientationPortraitUpsideDown UIInterfaceOrientationLandscapeLeft UIInterfaceOrientationLandscapeRight";
				INFOPLIST_KEY_UISupportedInterfaceOrientations_iPhone = "UIInterfaceOrientationPortrait UIInterfaceOrientationLandscapeLeft UIInterfaceOrientationLandscapeRight";
				LD_RUNPATH_SEARCH_PATHS = (
					"$(inherited)",
					"@executable_path/Frameworks",
				);
				MARKETING_VERSION = 1.0;
				PRODUCT_BUNDLE_IDENTIFIER = "info.simpson-App";
				PRODUCT_NAME = "$(TARGET_NAME)";
				SWIFT_EMIT_LOC_STRINGS = YES;
				SWIFT_VERSION = 5.0;
				TARGETED_DEVICE_FAMILY = "1,2";
			};
			name = Debug;
		};
		C652D16A2A83E0B3005913A2 /* Release */ = {
			isa = XCBuildConfiguration;
			buildSettings = {
				ASSETCATALOG_COMPILER_APPICON_NAME = AppIcon;
				ASSETCATALOG_COMPILER_GLOBAL_ACCENT_COLOR_NAME = AccentColor;
				CODE_SIGN_STYLE = Automatic;
				CURRENT_PROJECT_VERSION = 1;
				GENERATE_INFOPLIST_FILE = YES;
				INFOPLIST_FILE = "simpson App/Info.plist";
				INFOPLIST_KEY_UIApplicationSupportsIndirectInputEvents = YES;
				INFOPLIST_KEY_UILaunchStoryboardName = LaunchScreen;
				INFOPLIST_KEY_UIMainStoryboardFile = Main;
				INFOPLIST_KEY_UISupportedInterfaceOrientations_iPad = "UIInterfaceOrientationPortrait UIInterfaceOrientationPortraitUpsideDown UIInterfaceOrientationLandscapeLeft UIInterfaceOrientationLandscapeRight";
				INFOPLIST_KEY_UISupportedInterfaceOrientations_iPhone = "UIInterfaceOrientationPortrait UIInterfaceOrientationLandscapeLeft UIInterfaceOrientationLandscapeRight";
				LD_RUNPATH_SEARCH_PATHS = (
					"$(inherited)",
					"@executable_path/Frameworks",
				);
				MARKETING_VERSION = 1.0;
				PRODUCT_BUNDLE_IDENTIFIER = "info.simpson-App";
				PRODUCT_NAME = "$(TARGET_NAME)";
				SWIFT_EMIT_LOC_STRINGS = YES;
				SWIFT_VERSION = 5.0;
				TARGETED_DEVICE_FAMILY = "1,2";
			};
			name = Release;
		};
		C652D16C2A83E0B3005913A2 /* Debug */ = {
			isa = XCBuildConfiguration;
			buildSettings = {
				ALWAYS_EMBED_SWIFT_STANDARD_LIBRARIES = YES;
				BUNDLE_LOADER = "$(TEST_HOST)";
				CODE_SIGN_STYLE = Automatic;
				CURRENT_PROJECT_VERSION = 1;
				GENERATE_INFOPLIST_FILE = YES;
				IPHONEOS_DEPLOYMENT_TARGET = 16.2;
				MARKETING_VERSION = 1.0;
				PRODUCT_BUNDLE_IDENTIFIER = "info.simpson-AppTests";
				PRODUCT_NAME = "$(TARGET_NAME)";
				SWIFT_EMIT_LOC_STRINGS = NO;
				SWIFT_VERSION = 5.0;
				TARGETED_DEVICE_FAMILY = "1,2";
				TEST_HOST = "$(BUILT_PRODUCTS_DIR)/simpson App.app/$(BUNDLE_EXECUTABLE_FOLDER_PATH)/simpson App";
			};
			name = Debug;
		};
		C652D16D2A83E0B3005913A2 /* Release */ = {
			isa = XCBuildConfiguration;
			buildSettings = {
				ALWAYS_EMBED_SWIFT_STANDARD_LIBRARIES = YES;
				BUNDLE_LOADER = "$(TEST_HOST)";
				CODE_SIGN_STYLE = Automatic;
				CURRENT_PROJECT_VERSION = 1;
				GENERATE_INFOPLIST_FILE = YES;
				IPHONEOS_DEPLOYMENT_TARGET = 16.2;
				MARKETING_VERSION = 1.0;
				PRODUCT_BUNDLE_IDENTIFIER = "info.simpson-AppTests";
				PRODUCT_NAME = "$(TARGET_NAME)";
				SWIFT_EMIT_LOC_STRINGS = NO;
				SWIFT_VERSION = 5.0;
				TARGETED_DEVICE_FAMILY = "1,2";
				TEST_HOST = "$(BUILT_PRODUCTS_DIR)/simpson App.app/$(BUNDLE_EXECUTABLE_FOLDER_PATH)/simpson App";
			};
			name = Release;
		};
		C652D16F2A83E0B3005913A2 /* Debug */ = {
			isa = XCBuildConfiguration;
			buildSettings = {
				ALWAYS_EMBED_SWIFT_STANDARD_LIBRARIES = YES;
				CODE_SIGN_STYLE = Automatic;
				CURRENT_PROJECT_VERSION = 1;
				GENERATE_INFOPLIST_FILE = YES;
				MARKETING_VERSION = 1.0;
				PRODUCT_BUNDLE_IDENTIFIER = "info.simpson-AppUITests";
				PRODUCT_NAME = "$(TARGET_NAME)";
				SWIFT_EMIT_LOC_STRINGS = NO;
				SWIFT_VERSION = 5.0;
				TARGETED_DEVICE_FAMILY = "1,2";
				TEST_TARGET_NAME = "simpson App";
			};
			name = Debug;
		};
		C652D1702A83E0B3005913A2 /* Release */ = {
			isa = XCBuildConfiguration;
			buildSettings = {
				ALWAYS_EMBED_SWIFT_STANDARD_LIBRARIES = YES;
				CODE_SIGN_STYLE = Automatic;
				CURRENT_PROJECT_VERSION = 1;
				GENERATE_INFOPLIST_FILE = YES;
				MARKETING_VERSION = 1.0;
				PRODUCT_BUNDLE_IDENTIFIER = "info.simpson-AppUITests";
				PRODUCT_NAME = "$(TARGET_NAME)";
				SWIFT_EMIT_LOC_STRINGS = NO;
				SWIFT_VERSION = 5.0;
				TARGETED_DEVICE_FAMILY = "1,2";
				TEST_TARGET_NAME = "simpson App";
			};
			name = Release;
		};
/* End XCBuildConfiguration section */

/* Begin XCConfigurationList section */
		C652D1392A83E0B1005913A2 /* Build configuration list for PBXProject "simpson App" */ = {
			isa = XCConfigurationList;
			buildConfigurations = (
				C652D1662A83E0B3005913A2 /* Debug */,
				C652D1672A83E0B3005913A2 /* Release */,
			);
			defaultConfigurationIsVisible = 0;
			defaultConfigurationName = Release;
		};
		C652D1682A83E0B3005913A2 /* Build configuration list for PBXNativeTarget "simpson App" */ = {
			isa = XCConfigurationList;
			buildConfigurations = (
				C652D1692A83E0B3005913A2 /* Debug */,
				C652D16A2A83E0B3005913A2 /* Release */,
			);
			defaultConfigurationIsVisible = 0;
			defaultConfigurationName = Release;
		};
		C652D16B2A83E0B3005913A2 /* Build configuration list for PBXNativeTarget "simpson AppTests" */ = {
			isa = XCConfigurationList;
			buildConfigurations = (
				C652D16C2A83E0B3005913A2 /* Debug */,
				C652D16D2A83E0B3005913A2 /* Release */,
			);
			defaultConfigurationIsVisible = 0;
			defaultConfigurationName = Release;
		};
		C652D16E2A83E0B3005913A2 /* Build configuration list for PBXNativeTarget "simpson AppUITests" */ = {
			isa = XCConfigurationList;
			buildConfigurations = (
				C652D16F2A83E0B3005913A2 /* Debug */,
				C652D1702A83E0B3005913A2 /* Release */,
			);
			defaultConfigurationIsVisible = 0;
			defaultConfigurationName = Release;
		};
/* End XCConfigurationList section */
	};
	rootObject = C652D1362A83E0B1005913A2 /* Project object */;
}
